(function(){const r=document.createElement("link").relList;if(r&&r.supports&&r.supports("modulepreload"))return;for(const t of document.querySelectorAll('link[rel="modulepreload"]'))n(t);new MutationObserver(t=>{for(const o of t)if(o.type==="childList")for(const i of o.addedNodes)i.tagName==="LINK"&&i.rel==="modulepreload"&&n(i)}).observe(document,{childList:!0,subtree:!0});function s(t){const o={};return t.integrity&&(o.integrity=t.integrity),t.referrerPolicy&&(o.referrerPolicy=t.referrerPolicy),t.crossOrigin==="use-credentials"?o.credentials="include":t.crossOrigin==="anonymous"?o.credentials="omit":o.credentials="same-origin",o}function n(t){if(t.ep)return;t.ep=!0;const o=s(t);fetch(t.href,o)}})();document.addEventListener("DOMContentLoaded",function(){l(),u(),m(),d()});function l(){const e=document.getElementById("navbar");window.addEventListener("scroll",function(){window.scrollY>50?e.classList.add("scrolled"):e.classList.remove("scrolled")})}function u(){const e=document.querySelector(".mobile-menu-toggle"),r=document.querySelector(".nav-menu"),s=document.querySelectorAll(".nav-link");!e||!r||(e.addEventListener("click",function(){e.classList.toggle("active"),r.classList.toggle("active")}),s.forEach(n=>{n.addEventListener("click",function(){e.classList.remove("active"),r.classList.remove("active")})}))}function m(){document.querySelectorAll('a[href^="#"]').forEach(r=>{r.addEventListener("click",function(s){const n=this.getAttribute("href");if(n==="#")return;const t=n.substring(1),o=document.getElementById(t);if(o){s.preventDefault();const i=document.getElementById("navbar").offsetHeight,c=o.offsetTop-i;window.scrollTo({top:c,behavior:"smooth"})}})})}function d(){const e=document.getElementById("contactForm");if(!e)return;e.addEventListener("submit",function(s){s.preventDefault();const n=document.getElementById("formFeedback"),t=document.getElementById("name"),o=document.getElementById("email");document.getElementById("company");const i=document.getElementById("message");g();let c=!0;t.value.trim()||(a(t,"Name is required"),c=!1),o.value.trim()?v(o.value)||(a(o,"Please enter a valid email address"),c=!1):(a(o,"Email is required"),c=!1),i.value.trim()||(a(i,"Message is required"),c=!1),c?(n.className="form-feedback success",n.textContent="Thank you for your message! We will get back to you soon.",e.reset(),setTimeout(()=>{n.className="form-feedback",n.textContent=""},5e3)):(n.className="form-feedback error",n.textContent="Please fix the errors above and try again.",setTimeout(()=>{n.className="form-feedback",n.textContent=""},5e3))}),e.querySelectorAll("input, textarea").forEach(s=>{s.addEventListener("input",function(){this.parentElement.classList.contains("error")&&f(this)})})}function a(e,r){const s=e.parentElement,n=s.querySelector(".error-message");s.classList.add("error"),n.textContent=r}function f(e){const r=e.parentElement,s=r.querySelector(".error-message");r.classList.remove("error"),s.textContent=""}function g(){document.querySelectorAll(".form-group").forEach(r=>{r.classList.remove("error");const s=r.querySelector(".error-message");s&&(s.textContent="")})}function v(e){return/^[^\s@]+@[^\s@]+\.[^\s@]+$/.test(e)}
